name: notion_append_block
description: "Append a content block to an existing Notion page."
parameters:
  page_id:
    type: string
    required: true
    description: "ID of the Notion page to append to."
  content:
    type: string
    required: true
    description: "Text content to append."
  block_type:
    type: string
    required: false
    description: "Block type (default: paragraph)."
    enum: ["paragraph", "heading_1", "heading_2", "bulleted_list_item", "code"]
generator: _synthetic_notion_append_block
detectors:
  - detect_notion_append_block
